
Microsoft Visual Studio Solution File, Format Version 12.00
# Visual Studio 14
VisualStudioVersion = 14.0.25420.1
MinimumVisualStudioVersion = 10.0.40219.1
Project("{FAE04EC0-301F-11D3-BF4B-00C04F79EFBC}") = "VirtualJudge", "VirtualJudge\VirtualJudge.csproj", "{0ADFCA91-543C-4FBD-97E6-50B9D3342DEB}"
EndProject
Global
	GlobalSection(SolutionConfigurationPlatforms) = preSolution
		Debug|Any CPU = Debug|Any CPU
		Release|Any CPU = Release|Any CPU
	EndGlobalSection
	GlobalSection(ProjectConfigurationPlatforms) = postSolution
		{0ADFCA91-543C-4FBD-97E6-50B9D3342DEB}.Debug|Any CPU.ActiveCfg = Debug|Any CPU
		{0ADFCA91-543C-4FBD-97E6-50B9D3342DEB}.Debug|Any CPU.Build.0 = Debug|Any CPU
		{0ADFCA91-543C-4FBD-97E6-50B9D3342DEB}.Release|Any CPU.ActiveCfg = Release|Any CPU
		{0ADFCA91-543C-4FBD-97E6-50B9D3342DEB}.Release|Any CPU.Build.0 = Release|Any CPU
	EndGlobalSection
	GlobalSection(SolutionProperties) = preSolution
		HideSolutionNode = FALSE
	EndGlobalSection
EndGlobal
